
Microsoft Visual Studio Solution File, Format Version 12.00
# Visual Studio 15
VisualStudioVersion = 15.0.27703.2042
MinimumVisualStudioVersion = 10.0.40219.1
Project("{FAE04EC0-301F-11D3-BF4B-00C04F79EFBC}") = "DijkstraGUI", "DijkstraGUI\DijkstraGUI.csproj", "{5AFED9E2-B062-4B6E-9F58-9DFDD7661D2A}"
EndProject
Project("{FAE04EC0-301F-11D3-BF4B-00C04F79EFBC}") = "Dijkstra", "Dijkstra\Dijkstra.csproj", "{C68907DA-2F33-4754-AC76-6CEF7F52590B}"
EndProject
Global
	GlobalSection(SolutionConfigurationPlatforms) = preSolution
		Debug|Any CPU = Debug|Any CPU
		Release|Any CPU = Release|Any CPU
	EndGlobalSection
	GlobalSection(ProjectConfigurationPlatforms) = postSolution
		{5AFED9E2-B062-4B6E-9F58-9DFDD7661D2A}.Debug|Any CPU.ActiveCfg = Debug|Any CPU
		{5AFED9E2-B062-4B6E-9F58-9DFDD7661D2A}.Debug|Any CPU.Build.0 = Debug|Any CPU
		{5AFED9E2-B062-4B6E-9F58-9DFDD7661D2A}.Release|Any CPU.ActiveCfg = Release|Any CPU
		{5AFED9E2-B062-4B6E-9F58-9DFDD7661D2A}.Release|Any CPU.Build.0 = Release|Any CPU
		{C68907DA-2F33-4754-AC76-6CEF7F52590B}.Debug|Any CPU.ActiveCfg = Debug|Any CPU
		{C68907DA-2F33-4754-AC76-6CEF7F52590B}.Debug|Any CPU.Build.0 = Debug|Any CPU
		{C68907DA-2F33-4754-AC76-6CEF7F52590B}.Release|Any CPU.ActiveCfg = Release|Any CPU
		{C68907DA-2F33-4754-AC76-6CEF7F52590B}.Release|Any CPU.Build.0 = Release|Any CPU
	EndGlobalSection
	GlobalSection(SolutionProperties) = preSolution
		HideSolutionNode = FALSE
	EndGlobalSection
	GlobalSection(ExtensibilityGlobals) = postSolution
		SolutionGuid = {0772D214-F217-42D4-8E62-FF5B3E68F688}
	EndGlobalSection
EndGlobal
